
Microsoft Visual Studio Solution File, Format Version 12.00
# Visual Studio Version 16
VisualStudioVersion = 16.0.35130.168
MinimumVisualStudioVersion = 10.0.40219.1
Project("{FAE04EC0-301F-11D3-BF4B-00C04F79EFBC}") = "OOP_A3_John_Calicdan", "OOP_A3_John_Calicdan.csproj", "{A3E03E26-AA85-4464-AB63-E0E21DAEA562}"
EndProject
Global
	GlobalSection(SolutionConfigurationPlatforms) = preSolution
		Debug|Any CPU = Debug|Any CPU
		Release|Any CPU = Release|Any CPU
	EndGlobalSection
	GlobalSection(ProjectConfigurationPlatforms) = postSolution
		{A3E03E26-AA85-4464-AB63-E0E21DAEA562}.Debug|Any CPU.ActiveCfg = Debug|Any CPU
		{A3E03E26-AA85-4464-AB63-E0E21DAEA562}.Debug|Any CPU.Build.0 = Debug|Any CPU
		{A3E03E26-AA85-4464-AB63-E0E21DAEA562}.Release|Any CPU.ActiveCfg = Release|Any CPU
		{A3E03E26-AA85-4464-AB63-E0E21DAEA562}.Release|Any CPU.Build.0 = Release|Any CPU
	EndGlobalSection
	GlobalSection(SolutionProperties) = preSolution
		HideSolutionNode = FALSE
	EndGlobalSection
	GlobalSection(ExtensibilityGlobals) = postSolution
		SolutionGuid = {6DD66537-4366-48EA-A0AB-733E038B02AD}
	EndGlobalSection
EndGlobal
